// !$*UTF8*$!
{
	archiveVersion = 1;
	classes = {
	};
	objectVersion = 46;
	objects = {

/* Begin PBXBuildFile section */
		0B301ECC15CF8A33001B7F58 /* Foundation.framework in Frameworks */ = {isa = PBXBuildFile; fileRef = 0B301ECB15CF8A33001B7F58 /* Foundation.framework */; };
		0B478BA415CF8B9200F74C94 /* sqlite3.c in Sources */ = {isa = PBXBuildFile; fileRef = 0B478BA115CF8B9200F74C94 /* sqlite3.c */; };
/* End PBXBuildFile section */

/* Begin PBXCopyFilesBuildPhase section */
		0B301EC615CF8A33001B7F58 /* CopyFiles */ = {
			isa = PBXCopyFilesBuildPhase;
			buildActionMask = 2147483647;
			dstPath = "include/${PRODUCT_NAME}";
			dstSubfolderSpec = 16;
			files = (
			);
			runOnlyForDeploymentPostprocessing = 0;
		};
/* End PBXCopyFilesBuildPhase section */

/* Begin PBXFileReference section */
		0B301EC815CF8A33001B7F58 /* libSQLite.a */ = {isa = PBXFileReference; explicitFileType = archive.ar; includeInIndex = 0; path = libSQLite.a; sourceTree = BUILT_PRODUCTS_DIR; };
		0B301ECB15CF8A33001B7F58 /* Foundation.framework */ = {isa = PBXFileReference; lastKnownFileType = wrapper.framework; name = Foundation.framework; path = System/Library/Frameworks/Foundation.framework; sourceTree = SDKROOT; };
		0B301ECF15CF8A33001B7F58 /* SQLite-Prefix.pch */ = {isa = PBXFileReference; lastKnownFileType = sourcecode.c.h; path = "SQLite-Prefix.pch"; sourceTree = "<group>"; };
		0B478BA115CF8B9200F74C94 /* sqlite3.c */ = {isa = PBXFileReference; fileEncoding = 4; lastKnownFileType = sourcecode.c.c; name = sqlite3.c; path = sqlite3/sqlite3.c; sourceTree = "<group>"; };
		0B478BA215CF8B9200F74C94 /* sqlite3.h */ = {isa = PBXFileReference; fileEncoding = 4; lastKnownFileType = sourcecode.c.h; name = sqlite3.h; path = sqlite3/sqlite3.h; sourceTree = "<group>"; };
		0B478BA315CF8B9200F74C94 /* sqlite3ext.h */ = {isa = PBXFileReference; fileEncoding = 4; lastKnownFileType = sourcecode.c.h; name = sqlite3ext.h; path = sqlite3/sqlite3ext.h; sourceTree = "<group>"; };
		0B478BA615CF8CDC00F74C94 /* README.md */ = {isa = PBXFileReference; lastKnownFileType = text; path = README.md; sourceTree = SOURCE_ROOT; };
/* End PBXFileReference section */

/* Begin PBXFrameworksBuildPhase section */
		0B301EC515CF8A33001B7F58 /* Frameworks */ = {
			isa = PBXFrameworksBuildPhase;
			buildActionMask = 2147483647;
			files = (
				0B301ECC15CF8A33001B7F58 /* Foundation.framework in Frameworks */,
			);
			runOnlyForDeploymentPostprocessing = 0;
		};
/* End PBXFrameworksBuildPhase section */

/* Begin PBXGroup section */
		0B301EBD15CF8A33001B7F58 = {
			isa = PBXGroup;
			children = (
				0B301ECD15CF8A33001B7F58 /* SQLite */,
				0B301ECA15CF8A33001B7F58 /* Frameworks */,
				0B301EC915CF8A33001B7F58 /* Products */,
			);
			sourceTree = "<group>";
		};
		0B301EC915CF8A33001B7F58 /* Products */ = {
			isa = PBXGroup;
			children = (
				0B301EC815CF8A33001B7F58 /* libSQLite.a */,
			);
			name = Products;
			sourceTree = "<group>";
		};
		0B301ECA15CF8A33001B7F58 /* Frameworks */ = {
			isa = PBXGroup;
			children = (
				0B301ECB15CF8A33001B7F58 /* Foundation.framework */,
			);
			name = Frameworks;
			sourceTree = "<group>";
		};
		0B301ECD15CF8A33001B7F58 /* SQLite */ = {
			isa = PBXGroup;
			children = (
				0B478BA115CF8B9200F74C94 /* sqlite3.c */,
				0B478BA215CF8B9200F74C94 /* sqlite3.h */,
				0B478BA315CF8B9200F74C94 /* sqlite3ext.h */,
				0B301ECE15CF8A33001B7F58 /* Supporting Files */,
			);
			path = SQLite;
			sourceTree = "<group>";
		};
		0B301ECE15CF8A33001B7F58 /* Supporting Files */ = {
			isa = PBXGroup;
			children = (
				0B478BA615CF8CDC00F74C94 /* README.md */,
				0B301ECF15CF8A33001B7F58 /* SQLite-Prefix.pch */,
			);
			name = "Supporting Files";
			sourceTree = "<group>";
		};
/* End PBXGroup section */

/* Begin PBXNativeTarget section */
		0B301EC715CF8A33001B7F58 /* SQLite */ = {
			isa = PBXNativeTarget;
			buildConfigurationList = 0B301ED615CF8A33001B7F58 /* Build configuration list for PBXNativeTarget "SQLite" */;
			buildPhases = (
				0B301EC415CF8A33001B7F58 /* Sources */,
				0B301EC515CF8A33001B7F58 /* Frameworks */,
				0B301EC615CF8A33001B7F58 /* CopyFiles */,
			);
			buildRules = (
			);
			dependencies = (
			);
			name = SQLite;
			productName = SQLite;
			productReference = 0B301EC815CF8A33001B7F58 /* libSQLite.a */;
			productType = "com.apple.product-type.library.static";
		};
/* End PBXNativeTarget section */

/* Begin PBXProject section */
		0B301EBF15CF8A33001B7F58 /* Project object */ = {
			isa = PBXProject;
			attributes = {
				LastUpgradeCheck = 0440;
				ORGANIZATIONNAME = "James Weinert";
			};
			buildConfigurationList = 0B301EC215CF8A33001B7F58 /* Build configuration list for PBXProject "SQLite" */;
			compatibilityVersion = "Xcode 3.2";
			developmentRegion = English;
			hasScannedForEncodings = 0;
			knownRegions = (
				en,
			);
			mainGroup = 0B301EBD15CF8A33001B7F58;
			productRefGroup = 0B301EC915CF8A33001B7F58 /* Products */;
			projectDirPath = "";
			projectRoot = "";
			targets = (
				0B301EC715CF8A33001B7F58 /* SQLite */,
			);
		};
/* End PBXProject section */

/* Begin PBXSourcesBuildPhase section */
		0B301EC415CF8A33001B7F58 /* Sources */ = {
			isa = PBXSourcesBuildPhase;
			buildActionMask = 2147483647;
			files = (
				0B478BA415CF8B9200F74C94 /* sqlite3.c in Sources */,
			);
			runOnlyForDeploymentPostprocessing = 0;
		};
/* End PBXSourcesBuildPhase section */

/* Begin XCBuildConfiguration section */
		0B301ED415CF8A33001B7F58 /* Debug */ = {
			isa = XCBuildConfiguration;
			buildSettings = {
				ALWAYS_SEARCH_USER_PATHS = NO;
				ARCHS = "$(ARCHS_STANDARD_32_BIT)";
				CLANG_CXX_LANGUAGE_STANDARD = "gnu++0x";
				CLANG_ENABLE_OBJC_ARC = YES;
				CLANG_WARN__DUPLICATE_METHOD_MATCH = YES;
				COPY_PHASE_STRIP = NO;
				GCC_C_LANGUAGE_STANDARD = gnu99;
				GCC_DYNAMIC_NO_PIC = NO;
				GCC_OPTIMIZATION_LEVEL = 0;
				GCC_PREPROCESSOR_DEFINITIONS = (
					"DEBUG=1",
					"$(inherited)",
				);
				GCC_SYMBOLS_PRIVATE_EXTERN = NO;
				GCC_VERSION = com.apple.compilers.llvm.clang.1_0;
				GCC_WARN_ABOUT_RETURN_TYPE = YES;
				GCC_WARN_UNINITIALIZED_AUTOS = YES;
				GCC_WARN_UNUSED_VARIABLE = YES;
				IPHONEOS_DEPLOYMENT_TARGET = 5.1;
				SDKROOT = iphoneos;
			};
			name = Debug;
		};
		0B301ED515CF8A33001B7F58 /* Release */ = {
			isa = XCBuildConfiguration;
			buildSettings = {
				ALWAYS_SEARCH_USER_PATHS = NO;
				ARCHS = "$(ARCHS_STANDARD_32_BIT)";
				CLANG_CXX_LANGUAGE_STANDARD = "gnu++0x";
				CLANG_ENABLE_OBJC_ARC = YES;
				CLANG_WARN__DUPLICATE_METHOD_MATCH = YES;
				COPY_PHASE_STRIP = YES;
				GCC_C_LANGUAGE_STANDARD = gnu99;
				GCC_VERSION = com.apple.compilers.llvm.clang.1_0;
				GCC_WARN_ABOUT_RETURN_TYPE = YES;
				GCC_WARN_UNINITIALIZED_AUTOS = YES;
				GCC_WARN_UNUSED_VARIABLE = YES;
				IPHONEOS_DEPLOYMENT_TARGET = 5.1;
				SDKROOT = iphoneos;
				VALIDATE_PRODUCT = YES;
			};
			name = Release;
		};
		0B301ED715CF8A33001B7F58 /* Debug */ = {
			isa = XCBuildConfiguration;
			buildSettings = {
				DSTROOT = /tmp/SQLite.dst;
				GCC_PRECOMPILE_PREFIX_HEADER = YES;
				GCC_PREFIX_HEADER = "SQLite/SQLite-Prefix.pch";
				OTHER_LDFLAGS = "-ObjC";
				PRODUCT_NAME = "$(TARGET_NAME)";
				SKIP_INSTALL = YES;
			};
			name = Debug;
		};
		0B301ED815CF8A33001B7F58 /* Release */ = {
			isa = XCBuildConfiguration;
			buildSettings = {
				DSTROOT = /tmp/SQLite.dst;
				GCC_PRECOMPILE_PREFIX_HEADER = YES;
				GCC_PREFIX_HEADER = "SQLite/SQLite-Prefix.pch";
				OTHER_LDFLAGS = "-ObjC";
				PRODUCT_NAME = "$(TARGET_NAME)";
				SKIP_INSTALL = YES;
			};
			name = Release;
		};
/* End XCBuildConfiguration section */

/* Begin XCConfigurationList section */
		0B301EC215CF8A33001B7F58 /* Build configuration list for PBXProject "SQLite" */ = {
			isa = XCConfigurationList;
			buildConfigurations = (
				0B301ED415CF8A33001B7F58 /* Debug */,
				0B301ED515CF8A33001B7F58 /* Release */,
			);
			defaultConfigurationIsVisible = 0;
			defaultConfigurationName = Release;
		};
		0B301ED615CF8A33001B7F58 /* Build configuration list for PBXNativeTarget "SQLite" */ = {
			isa = XCConfigurationList;
			buildConfigurations = (
				0B301ED715CF8A33001B7F58 /* Debug */,
				0B301ED815CF8A33001B7F58 /* Release */,
			);
			defaultConfigurationIsVisible = 0;
			defaultConfigurationName = Release;
		};
/* End XCConfigurationList section */
	};
	rootObject = 0B301EBF15CF8A33001B7F58 /* Project object */;
}
